{
  "name": "itee-database",
  "version": "1.0.0",
  "lockfileVersion": 1,
  "requires": true,
  "dependencies": {
    "i-return": {
      "version": "1.0.3",
      "resolved": "https://registry.npmjs.org/i-return/-/i-return-1.0.3.tgz",
      "integrity": "sha1-PnpkTp2VGUeUbxe9D4YkbKH64EA="
    },
    "itee-utils": {
      "version": "1.0.1",
      "resolved": "https://registry.npmjs.org/itee-utils/-/itee-utils-1.0.1.tgz",
      "integrity": "sha512-XjSWGk8FnptLt8rqwqP1YSJuzYCCUHekLSBtf0cqEVwyopcFgEyaz3H1yS975sZfXHUztE2RDwTqMT2h4X4kLA==",
      "requires": {
        "itee-validators": "^2.0.0"
      }
    },
    "itee-validators": {
      "version": "2.0.1",
      "resolved": "https://registry.npmjs.org/itee-validators/-/itee-validators-2.0.1.tgz",
      "integrity": "sha512-8M+oXL9aXwSvV28OblADGBXn9ugO4jHPD38KmMxauMsDFXyw7C+ErqGCRkRHJcYgD56XRhnzUpDE1d6bJGl9HQ=="
    }
  }
}
